Microsoft Visual Studio Solution File, Format Version 12.00
# Visual Studio Version 17
VisualStudioVersion = 17.10.35027.167
MinimumVisualStudioVersion = 10.0.40219.1
Project("{9A19103F-16F7-4668-BE54-9A1E7A4F7556}") = "Community.PowerToys.Run.Plugin.JetbrainsProjects", "Community.PowerToys.Run.Plugin.JetbrainsProjects\Community.PowerToys.Run.Plugin.JetbrainsProjects.csproj", "{7CD3B626-F6A3-496C-868F-B7F5F8E90BDC}"
EndProject
Project("{9A19103F-16F7-4668-BE54-9A1E7A4F7556}") = "Community.PowerToys.Run.Plugin.JetbrainsProjects.UnitTests", "Community.PowerToys.Run.Plugin.JetbrainsProjects.UnitTests\Community.PowerToys.Run.Plugin.JetbrainsProjects.UnitTests.csproj", "{312AA3BA-1417-47EE-B2E6-07679937149D}"
EndProject
Project("{2150E333-8FDC-42A3-9474-1A3956D46DE8}") = ".github", ".github", "{38468356-3559-43D5-83FC-B5D7B52930D7}"
EndProject
Project("{2150E333-8FDC-42A3-9474-1A3956D46DE8}") = "workflows", "workflows", "{A61C1E12-FE18-4E8E-8165-F829F7C6DE11}"
	ProjectSection(SolutionItems) = preProject
		build.yml = build.yml
	EndProjectSection
EndProject
Global
	GlobalSection(SolutionConfigurationPlatforms) = preSolution
		Debug|ARM64 = Debug|ARM64
		Debug|x64 = Debug|x64
		Release|ARM64 = Release|ARM64
		Release|x64 = Release|x64
	EndGlobalSection
	GlobalSection(ProjectConfigurationPlatforms) = postSolution
		{7CD3B626-F6A3-496C-868F-B7F5F8E90BDC}.Debug|ARM64.ActiveCfg = Debug|ARM64
		{7CD3B626-F6A3-496C-868F-B7F5F8E90BDC}.Debug|ARM64.Build.0 = Debug|ARM64
		{7CD3B626-F6A3-496C-868F-B7F5F8E90BDC}.Debug|x64.ActiveCfg = Debug|x64
		{7CD3B626-F6A3-496C-868F-B7F5F8E90BDC}.Debug|x64.Build.0 = Debug|x64
		{7CD3B626-F6A3-496C-868F-B7F5F8E90BDC}.Release|ARM64.ActiveCfg = Release|ARM64
		{7CD3B626-F6A3-496C-868F-B7F5F8E90BDC}.Release|ARM64.Build.0 = Release|ARM64
		{7CD3B626-F6A3-496C-868F-B7F5F8E90BDC}.Release|x64.ActiveCfg = Release|x64
		{7CD3B626-F6A3-496C-868F-B7F5F8E90BDC}.Release|x64.Build.0 = Release|x64
		{312AA3BA-1417-47EE-B2E6-07679937149D}.Debug|ARM64.ActiveCfg = Debug|ARM64
		{312AA3BA-1417-47EE-B2E6-07679937149D}.Debug|ARM64.Build.0 = Debug|ARM64
		{312AA3BA-1417-47EE-B2E6-07679937149D}.Debug|x64.ActiveCfg = Debug|x64
		{312AA3BA-1417-47EE-B2E6-07679937149D}.Debug|x64.Build.0 = Debug|x64
		{312AA3BA-1417-47EE-B2E6-07679937149D}.Release|ARM64.ActiveCfg = Release|ARM64
		{312AA3BA-1417-47EE-B2E6-07679937149D}.Release|ARM64.Build.0 = Release|ARM64
		{312AA3BA-1417-47EE-B2E6-07679937149D}.Release|x64.ActiveCfg = Release|x64
		{312AA3BA-1417-47EE-B2E6-07679937149D}.Release|x64.Build.0 = Release|x64
	EndGlobalSection
	GlobalSection(SolutionProperties) = preSolution
		HideSolutionNode = FALSE
	EndGlobalSection
	GlobalSection(NestedProjects) = preSolution
		{A61C1E12-FE18-4E8E-8165-F829F7C6DE11} = {38468356-3559-43D5-83FC-B5D7B52930D7}
	EndGlobalSection
	GlobalSection(ExtensibilityGlobals) = postSolution
		SolutionGuid = {11828C72-570E-45BD-BDFF-1D46D59FD808}
	EndGlobalSection
EndGlobal
